
Microsoft Visual Studio Solution File, Format Version 12.00
# Visual Studio 15
VisualStudioVersion = 15.0.26124.0
MinimumVisualStudioVersion = 15.0.26124.0
Project("{FAE04EC0-301F-11D3-BF4B-00C04F79EFBC}") = "Domain", "Domain\Domain.csproj", "{F3CF2FA8-968F-4EAA-B360-ECAB26C16949}"
EndProject
Project("{FAE04EC0-301F-11D3-BF4B-00C04F79EFBC}") = "Application", "Application\Application.csproj", "{BBC788D9-2E1A-42DA-B2EA-5E6B60610E21}"
EndProject
Project("{FAE04EC0-301F-11D3-BF4B-00C04F79EFBC}") = "Persistence", "Persistence\Persistence.csproj", "{BAE4CD94-23F8-41D3-A2FB-35A199E2402B}"
EndProject
Project("{FAE04EC0-301F-11D3-BF4B-00C04F79EFBC}") = "API", "API\API.csproj", "{E3697978-C310-43A1-B327-50A2C09EFC82}"
EndProject
Global
	GlobalSection(SolutionConfigurationPlatforms) = preSolution
		Debug|Any CPU = Debug|Any CPU
		Debug|x64 = Debug|x64
		Debug|x86 = Debug|x86
		Release|Any CPU = Release|Any CPU
		Release|x64 = Release|x64
		Release|x86 = Release|x86
	EndGlobalSection
	GlobalSection(SolutionProperties) = preSolution
		HideSolutionNode = FALSE
	EndGlobalSection
	GlobalSection(ProjectConfigurationPlatforms) = postSolution
		{F3CF2FA8-968F-4EAA-B360-ECAB26C16949}.Debug|Any CPU.ActiveCfg = Debug|Any CPU
		{F3CF2FA8-968F-4EAA-B360-ECAB26C16949}.Debug|Any CPU.Build.0 = Debug|Any CPU
		{F3CF2FA8-968F-4EAA-B360-ECAB26C16949}.Debug|x64.ActiveCfg = Debug|Any CPU
		{F3CF2FA8-968F-4EAA-B360-ECAB26C16949}.Debug|x64.Build.0 = Debug|Any CPU
		{F3CF2FA8-968F-4EAA-B360-ECAB26C16949}.Debug|x86.ActiveCfg = Debug|Any CPU
		{F3CF2FA8-968F-4EAA-B360-ECAB26C16949}.Debug|x86.Build.0 = Debug|Any CPU
		{F3CF2FA8-968F-4EAA-B360-ECAB26C16949}.Release|Any CPU.ActiveCfg = Release|Any CPU
		{F3CF2FA8-968F-4EAA-B360-ECAB26C16949}.Release|Any CPU.Build.0 = Release|Any CPU
		{F3CF2FA8-968F-4EAA-B360-ECAB26C16949}.Release|x64.ActiveCfg = Release|Any CPU
		{F3CF2FA8-968F-4EAA-B360-ECAB26C16949}.Release|x64.Build.0 = Release|Any CPU
		{F3CF2FA8-968F-4EAA-B360-ECAB26C16949}.Release|x86.ActiveCfg = Release|Any CPU
		{F3CF2FA8-968F-4EAA-B360-ECAB26C16949}.Release|x86.Build.0 = Release|Any CPU
		{BBC788D9-2E1A-42DA-B2EA-5E6B60610E21}.Debug|Any CPU.ActiveCfg = Debug|Any CPU
		{BBC788D9-2E1A-42DA-B2EA-5E6B60610E21}.Debug|Any CPU.Build.0 = Debug|Any CPU
		{BBC788D9-2E1A-42DA-B2EA-5E6B60610E21}.Debug|x64.ActiveCfg = Debug|Any CPU
		{BBC788D9-2E1A-42DA-B2EA-5E6B60610E21}.Debug|x64.Build.0 = Debug|Any CPU
		{BBC788D9-2E1A-42DA-B2EA-5E6B60610E21}.Debug|x86.ActiveCfg = Debug|Any CPU
		{BBC788D9-2E1A-42DA-B2EA-5E6B60610E21}.Debug|x86.Build.0 = Debug|Any CPU
		{BBC788D9-2E1A-42DA-B2EA-5E6B60610E21}.Release|Any CPU.ActiveCfg = Release|Any CPU
		{BBC788D9-2E1A-42DA-B2EA-5E6B60610E21}.Release|Any CPU.Build.0 = Release|Any CPU
		{BBC788D9-2E1A-42DA-B2EA-5E6B60610E21}.Release|x64.ActiveCfg = Release|Any CPU
		{BBC788D9-2E1A-42DA-B2EA-5E6B60610E21}.Release|x64.Build.0 = Release|Any CPU
		{BBC788D9-2E1A-42DA-B2EA-5E6B60610E21}.Release|x86.ActiveCfg = Release|Any CPU
		{BBC788D9-2E1A-42DA-B2EA-5E6B60610E21}.Release|x86.Build.0 = Release|Any CPU
		{BAE4CD94-23F8-41D3-A2FB-35A199E2402B}.Debug|Any CPU.ActiveCfg = Debug|Any CPU
		{BAE4CD94-23F8-41D3-A2FB-35A199E2402B}.Debug|Any CPU.Build.0 = Debug|Any CPU
		{BAE4CD94-23F8-41D3-A2FB-35A199E2402B}.Debug|x64.ActiveCfg = Debug|Any CPU
		{BAE4CD94-23F8-41D3-A2FB-35A199E2402B}.Debug|x64.Build.0 = Debug|Any CPU
		{BAE4CD94-23F8-41D3-A2FB-35A199E2402B}.Debug|x86.ActiveCfg = Debug|Any CPU
		{BAE4CD94-23F8-41D3-A2FB-35A199E2402B}.Debug|x86.Build.0 = Debug|Any CPU
		{BAE4CD94-23F8-41D3-A2FB-35A199E2402B}.Release|Any CPU.ActiveCfg = Release|Any CPU
		{BAE4CD94-23F8-41D3-A2FB-35A199E2402B}.Release|Any CPU.Build.0 = Release|Any CPU
		{BAE4CD94-23F8-41D3-A2FB-35A199E2402B}.Release|x64.ActiveCfg = Release|Any CPU
		{BAE4CD94-23F8-41D3-A2FB-35A199E2402B}.Release|x64.Build.0 = Release|Any CPU
		{BAE4CD94-23F8-41D3-A2FB-35A199E2402B}.Release|x86.ActiveCfg = Release|Any CPU
		{BAE4CD94-23F8-41D3-A2FB-35A199E2402B}.Release|x86.Build.0 = Release|Any CPU
		{E3697978-C310-43A1-B327-50A2C09EFC82}.Debug|Any CPU.ActiveCfg = Debug|Any CPU
		{E3697978-C310-43A1-B327-50A2C09EFC82}.Debug|Any CPU.Build.0 = Debug|Any CPU
		{E3697978-C310-43A1-B327-50A2C09EFC82}.Debug|x64.ActiveCfg = Debug|Any CPU
		{E3697978-C310-43A1-B327-50A2C09EFC82}.Debug|x64.Build.0 = Debug|Any CPU
		{E3697978-C310-43A1-B327-50A2C09EFC82}.Debug|x86.ActiveCfg = Debug|Any CPU
		{E3697978-C310-43A1-B327-50A2C09EFC82}.Debug|x86.Build.0 = Debug|Any CPU
		{E3697978-C310-43A1-B327-50A2C09EFC82}.Release|Any CPU.ActiveCfg = Release|Any CPU
		{E3697978-C310-43A1-B327-50A2C09EFC82}.Release|Any CPU.Build.0 = Release|Any CPU
		{E3697978-C310-43A1-B327-50A2C09EFC82}.Release|x64.ActiveCfg = Release|Any CPU
		{E3697978-C310-43A1-B327-50A2C09EFC82}.Release|x64.Build.0 = Release|Any CPU
		{E3697978-C310-43A1-B327-50A2C09EFC82}.Release|x86.ActiveCfg = Release|Any CPU
		{E3697978-C310-43A1-B327-50A2C09EFC82}.Release|x86.Build.0 = Release|Any CPU
	EndGlobalSection
EndGlobal
